
Microsoft Visual Studio Solution File, Format Version 12.00
# Visual Studio 15
VisualStudioVersion = 15.0.27703.2047
MinimumVisualStudioVersion = 10.0.40219.1
Project("{FAE04EC0-301F-11D3-BF4B-00C04F79EFBC}") = "Entidades", "Entidades\Entidades.csproj", "{8387CB9D-78FB-4C8F-8C9C-2D8F01026C93}"
EndProject
Project("{FAE04EC0-301F-11D3-BF4B-00C04F79EFBC}") = "FormCorreo", "FormCorreo\FormCorreo.csproj", "{D0DB7524-D1BC-4773-AF58-F9D978A39CC4}"
EndProject
Global
	GlobalSection(SolutionConfigurationPlatforms) = preSolution
		Debug|Any CPU = Debug|Any CPU
		Release|Any CPU = Release|Any CPU
	EndGlobalSection
	GlobalSection(ProjectConfigurationPlatforms) = postSolution
		{8387CB9D-78FB-4C8F-8C9C-2D8F01026C93}.Debug|Any CPU.ActiveCfg = Debug|Any CPU
		{8387CB9D-78FB-4C8F-8C9C-2D8F01026C93}.Debug|Any CPU.Build.0 = Debug|Any CPU
		{8387CB9D-78FB-4C8F-8C9C-2D8F01026C93}.Release|Any CPU.ActiveCfg = Release|Any CPU
		{8387CB9D-78FB-4C8F-8C9C-2D8F01026C93}.Release|Any CPU.Build.0 = Release|Any CPU
		{D0DB7524-D1BC-4773-AF58-F9D978A39CC4}.Debug|Any CPU.ActiveCfg = Debug|Any CPU
		{D0DB7524-D1BC-4773-AF58-F9D978A39CC4}.Debug|Any CPU.Build.0 = Debug|Any CPU
		{D0DB7524-D1BC-4773-AF58-F9D978A39CC4}.Release|Any CPU.ActiveCfg = Release|Any CPU
		{D0DB7524-D1BC-4773-AF58-F9D978A39CC4}.Release|Any CPU.Build.0 = Release|Any CPU
	EndGlobalSection
	GlobalSection(SolutionProperties) = preSolution
		HideSolutionNode = FALSE
	EndGlobalSection
	GlobalSection(ExtensibilityGlobals) = postSolution
		SolutionGuid = {788D9889-EAFF-428E-8739-D37A83C17101}
	EndGlobalSection
EndGlobal
